
Microsoft Visual Studio Solution File, Format Version 12.00
# Visual Studio Version 16
VisualStudioVersion = 16.0.31424.327
MinimumVisualStudioVersion = 10.0.40219.1
Project("{FAE04EC0-301F-11D3-BF4B-00C04F79EFBC}") = "ApiIntro", "ApiIntro\ApiIntro.csproj", "{903526AD-ABA7-4CCA-AD5E-5F5A47C9175D}"
EndProject
Global
	GlobalSection(SolutionConfigurationPlatforms) = preSolution
		Debug|Any CPU = Debug|Any CPU
		Release|Any CPU = Release|Any CPU
	EndGlobalSection
	GlobalSection(ProjectConfigurationPlatforms) = postSolution
		{903526AD-ABA7-4CCA-AD5E-5F5A47C9175D}.Debug|Any CPU.ActiveCfg = Debug|Any CPU
		{903526AD-ABA7-4CCA-AD5E-5F5A47C9175D}.Debug|Any CPU.Build.0 = Debug|Any CPU
		{903526AD-ABA7-4CCA-AD5E-5F5A47C9175D}.Release|Any CPU.ActiveCfg = Release|Any CPU
		{903526AD-ABA7-4CCA-AD5E-5F5A47C9175D}.Release|Any CPU.Build.0 = Release|Any CPU
	EndGlobalSection
	GlobalSection(SolutionProperties) = preSolution
		HideSolutionNode = FALSE
	EndGlobalSection
	GlobalSection(ExtensibilityGlobals) = postSolution
		SolutionGuid = {89406849-175D-400D-86BA-232274BC889D}
	EndGlobalSection
EndGlobal
